# This file is automatically @generated by Cargo.
# It is not intended for manual editing.
version = 3

[[package]]
name = "base64"
version = "0.13.0"
source = "registry+https://github.com/rust-lang/crates.io-index"
checksum = "904dfeac50f3cdaba28fc6f57fdcddb75f49ed61346676a78c4ffe55877802fd"

[[package]]
name = "bech32"
version = "0.8.1"
source = "registry+https://github.com/rust-lang/crates.io-index"
checksum = "cf9ff0bbfd639f15c74af777d81383cf53efb7c93613f6cab67c6c11e05bbf8b"

[[package]]
name = "bitcoin"
version = "0.27.1"
source = "registry+https://github.com/rust-lang/crates.io-index"
checksum = "9a41df6ad9642c5c15ae312dd3d074de38fd3eb7cc87ad4ce10f90292a83fe4d"
dependencies = [
 "bech32",
 "bitcoin_hashes",
 "secp256k1",
]

[[package]]
name = "bitcoin_hashes"
version = "0.10.0"
source = "registry+https://github.com/rust-lang/crates.io-index"
checksum = "006cc91e1a1d99819bc5b8214be3555c1f0611b169f527a1fdc54ed1f2b745b0"

[[package]]
name = "bitcoinconsensus"
version = "0.19.0-3"
source = "registry+https://github.com/rust-lang/crates.io-index"
checksum = "1a8aa43b5cd02f856cb126a9af819e77b8910fdd74dd1407be649f2f5fe3a1b5"
dependencies = [
 "cc",
 "libc",
]

[[package]]
name = "cc"
version = "1.0.73"
source = "registry+https://github.com/rust-lang/crates.io-index"
checksum = "2fff2a6927b3bb87f9595d67196a70493f627687a71d87a0d692242c33f58c11"

[[package]]
name = "itoa"
version = "1.0.1"
source = "registry+https://github.com/rust-lang/crates.io-index"
checksum = "1aab8fc367588b89dcee83ab0fd66b72b50b72fa1904d7095045ace2b0c81c35"

[[package]]
name = "libc"
version = "0.2.125"
source = "registry+https://github.com/rust-lang/crates.io-index"
checksum = "5916d2ae698f6de9bfb891ad7a8d65c09d232dc58cc4ac433c7da3b2fd84bc2b"

[[package]]
name = "miniscript"
version = "6.1.0"
source = "registry+https://github.com/rust-lang/crates.io-index"
checksum = "1e292b58407dfbf1384e5aca8428d3b0f2eaa09d24cb17088f6db0b7ca31194a"
dependencies = [
 "bitcoin",
]

[[package]]
name = "mscompiler"
version = "0.0.1"
dependencies = [
 "revault_tx",
 "serde_json",
]

[[package]]
name = "revault_tx"
version = "0.4.1"
source = "registry+https://github.com/rust-lang/crates.io-index"
checksum = "59ba676f3936696e931380bce36e567e16aab4f433cfe0e39830dcbe527669ec"
dependencies = [
 "base64",
 "bitcoinconsensus",
 "miniscript",
]

[[package]]
name = "ryu"
version = "1.0.9"
source = "registry+https://github.com/rust-lang/crates.io-index"
checksum = "73b4b750c782965c211b42f022f59af1fbceabdd026623714f104152f1ec149f"

[[package]]
name = "secp256k1"
version = "0.20.3"
source = "registry+https://github.com/rust-lang/crates.io-index"
checksum = "97d03ceae636d0fed5bae6a7f4f664354c5f4fcedf6eef053fef17e49f837d0a"
dependencies = [
 "secp256k1-sys",
]

[[package]]
name = "secp256k1-sys"
version = "0.4.2"
source = "registry+https://github.com/rust-lang/crates.io-index"
checksum = "957da2573cde917463ece3570eab4a0b3f19de6f1646cde62e6fd3868f566036"
dependencies = [
 "cc",
]

[[package]]
name = "serde"
version = "1.0.137"
source = "registry+https://github.com/rust-lang/crates.io-index"
checksum = "61ea8d54c77f8315140a05f4c7237403bf38b72704d031543aa1d16abbf517d1"

[[package]]
name = "serde_json"
version = "1.0.80"
source = "registry+https://github.com/rust-lang/crates.io-index"
checksum = "f972498cf015f7c0746cac89ebe1d6ef10c293b94175a243a2d9442c163d9944"
dependencies = [
 "itoa",
 "ryu",
 "serde",
]
